
Microsoft Visual Studio Solution File, Format Version 12.00
# Visual Studio Version 17
VisualStudioVersion = 17.6.33815.320
MinimumVisualStudioVersion = 10.0.40219.1
Project("{FAE04EC0-301F-11D3-BF4B-00C04F79EFBC}") = "AppForDataset", "AppForDataset\AppForDataset.csproj", "{A76AEF0A-A17B-4924-8F23-EAE79E7D5C2F}"
EndProject
Global
	GlobalSection(SolutionConfigurationPlatforms) = preSolution
		Debug|Any CPU = Debug|Any CPU
		Release|Any CPU = Release|Any CPU
	EndGlobalSection
	GlobalSection(ProjectConfigurationPlatforms) = postSolution
		{A76AEF0A-A17B-4924-8F23-EAE79E7D5C2F}.Debug|Any CPU.ActiveCfg = Debug|Any CPU
		{A76AEF0A-A17B-4924-8F23-EAE79E7D5C2F}.Debug|Any CPU.Build.0 = Debug|Any CPU
		{A76AEF0A-A17B-4924-8F23-EAE79E7D5C2F}.Release|Any CPU.ActiveCfg = Release|Any CPU
		{A76AEF0A-A17B-4924-8F23-EAE79E7D5C2F}.Release|Any CPU.Build.0 = Release|Any CPU
	EndGlobalSection
	GlobalSection(SolutionProperties) = preSolution
		HideSolutionNode = FALSE
	EndGlobalSection
	GlobalSection(ExtensibilityGlobals) = postSolution
		SolutionGuid = {B21A3E36-A454-4A6D-8481-E13D7779A2D5}
	EndGlobalSection
EndGlobal
